// !$*UTF8*$!
{
	archiveVersion = 1;
	classes = {
	};
	objectVersion = 46;
	objects = {

/* Begin PBXBuildFile section */
		8CAD471F192BE54F00F7CBC2 /* Foundation.framework in Frameworks */ = {isa = PBXBuildFile; fileRef = 8CAD471E192BE54F00F7CBC2 /* Foundation.framework */; };
		8CAD4721192BE54F00F7CBC2 /* CoreGraphics.framework in Frameworks */ = {isa = PBXBuildFile; fileRef = 8CAD4720192BE54F00F7CBC2 /* CoreGraphics.framework */; };
		8CAD4723192BE54F00F7CBC2 /* UIKit.framework in Frameworks */ = {isa = PBXBuildFile; fileRef = 8CAD4722192BE54F00F7CBC2 /* UIKit.framework */; };
		8CAD4729192BE54F00F7CBC2 /* InfoPlist.strings in Resources */ = {isa = PBXBuildFile; fileRef = 8CAD4727192BE54F00F7CBC2 /* InfoPlist.strings */; };
		8CAD472B192BE54F00F7CBC2 /* main.m in Sources */ = {isa = PBXBuildFile; fileRef = 8CAD472A192BE54F00F7CBC2 /* main.m */; };
		8CAD472F192BE54F00F7CBC2 /* AppDelegate.m in Sources */ = {isa = PBXBuildFile; fileRef = 8CAD472E192BE54F00F7CBC2 /* AppDelegate.m */; };
		8CAD4732192BE54F00F7CBC2 /* Main.storyboard in Resources */ = {isa = PBXBuildFile; fileRef = 8CAD4730192BE54F00F7CBC2 /* Main.storyboard */; };
		8CAD4735192BE54F00F7CBC2 /* ViewController.m in Sources */ = {isa = PBXBuildFile; fileRef = 8CAD4734192BE54F00F7CBC2 /* ViewController.m */; };
		8CAD4737192BE54F00F7CBC2 /* Images.xcassets in Resources */ = {isa = PBXBuildFile; fileRef = 8CAD4736192BE54F00F7CBC2 /* Images.xcassets */; };
		8CAD473E192BE54F00F7CBC2 /* XCTest.framework in Frameworks */ = {isa = PBXBuildFile; fileRef = 8CAD473D192BE54F00F7CBC2 /* XCTest.framework */; };
		8CAD473F192BE54F00F7CBC2 /* Foundation.framework in Frameworks */ = {isa = PBXBuildFile; fileRef = 8CAD471E192BE54F00F7CBC2 /* Foundation.framework */; };
		8CAD4740192BE54F00F7CBC2 /* UIKit.framework in Frameworks */ = {isa = PBXBuildFile; fileRef = 8CAD4722192BE54F00F7CBC2 /* UIKit.framework */; };
		8CAD4748192BE54F00F7CBC2 /* InfoPlist.strings in Resources */ = {isa = PBXBuildFile; fileRef = 8CAD4746192BE54F00F7CBC2 /* InfoPlist.strings */; };
		8CAD474A192BE54F00F7CBC2 /* California_BetaTests.m in Sources */ = {isa = PBXBuildFile; fileRef = 8CAD4749192BE54F00F7CBC2 /* California_BetaTests.m */; };
/* End PBXBuildFile section */

/* Begin PBXContainerItemProxy section */
		8CAD4741192BE54F00F7CBC2 /* PBXContainerItemProxy */ = {
			isa = PBXContainerItemProxy;
			containerPortal = 8CAD4713192BE54E00F7CBC2 /* Project object */;
			proxyType = 1;
			remoteGlobalIDString = 8CAD471A192BE54F00F7CBC2;
			remoteInfo = California_Beta;
		};
/* End PBXContainerItemProxy section */

/* Begin PBXFileReference section */
		8CAD471B192BE54F00F7CBC2 /* California_Beta.app */ = {isa = PBXFileReference; explicitFileType = wrapper.application; includeInIndex = 0; path = California_Beta.app; sourceTree = BUILT_PRODUCTS_DIR; };
		8CAD471E192BE54F00F7CBC2 /* Foundation.framework */ = {isa = PBXFileReference; lastKnownFileType = wrapper.framework; name = Foundation.framework; path = System/Library/Frameworks/Foundation.framework; sourceTree = SDKROOT; };
		8CAD4720192BE54F00F7CBC2 /* CoreGraphics.framework */ = {isa = PBXFileReference; lastKnownFileType = wrapper.framework; name = CoreGraphics.framework; path = System/Library/Frameworks/CoreGraphics.framework; sourceTree = SDKROOT; };
		8CAD4722192BE54F00F7CBC2 /* UIKit.framework */ = {isa = PBXFileReference; lastKnownFileType = wrapper.framework; name = UIKit.framework; path = System/Library/Frameworks/UIKit.framework; sourceTree = SDKROOT; };
		8CAD4726192BE54F00F7CBC2 /* California_Beta-Info.plist */ = {isa = PBXFileReference; lastKnownFileType = text.plist.xml; path = "California_Beta-Info.plist"; sourceTree = "<group>"; };
		8CAD4728192BE54F00F7CBC2 /* en */ = {isa = PBXFileReference; lastKnownFileType = text.plist.strings; name = en; path = en.lproj/InfoPlist.strings; sourceTree = "<group>"; };
		8CAD472A192BE54F00F7CBC2 /* main.m */ = {isa = PBXFileReference; lastKnownFileType = sourcecode.c.objc; path = main.m; sourceTree = "<group>"; };
		8CAD472C192BE54F00F7CBC2 /* California_Beta-Prefix.pch */ = {isa = PBXFileReference; lastKnownFileType = sourcecode.c.h; path = "California_Beta-Prefix.pch"; sourceTree = "<group>"; };
		8CAD472D192BE54F00F7CBC2 /* AppDelegate.h */ = {isa = PBXFileReference; lastKnownFileType = sourcecode.c.h; path = AppDelegate.h; sourceTree = "<group>"; };
		8CAD472E192BE54F00F7CBC2 /* AppDelegate.m */ = {isa = PBXFileReference; lastKnownFileType = sourcecode.c.objc; path = AppDelegate.m; sourceTree = "<group>"; };
		8CAD4731192BE54F00F7CBC2 /* Base */ = {isa = PBXFileReference; lastKnownFileType = file.storyboard; name = Base; path = Base.lproj/Main.storyboard; sourceTree = "<group>"; };
		8CAD4733192BE54F00F7CBC2 /* ViewController.h */ = {isa = PBXFileReference; lastKnownFileType = sourcecode.c.h; path = ViewController.h; sourceTree = "<group>"; };
		8CAD4734192BE54F00F7CBC2 /* ViewController.m */ = {isa = PBXFileReference; lastKnownFileType = sourcecode.c.objc; path = ViewController.m; sourceTree = "<group>"; };
		8CAD4736192BE54F00F7CBC2 /* Images.xcassets */ = {isa = PBXFileReference; lastKnownFileType = folder.assetcatalog; path = Images.xcassets; sourceTree = "<group>"; };
		8CAD473C192BE54F00F7CBC2 /* California_BetaTests.xctest */ = {isa = PBXFileReference; explicitFileType = wrapper.cfbundle; includeInIndex = 0; path = California_BetaTests.xctest; sourceTree = BUILT_PRODUCTS_DIR; };
		8CAD473D192BE54F00F7CBC2 /* XCTest.framework */ = {isa = PBXFileReference; lastKnownFileType = wrapper.framework; name = XCTest.framework; path = Library/Frameworks/XCTest.framework; sourceTree = DEVELOPER_DIR; };
		8CAD4745192BE54F00F7CBC2 /* California_BetaTests-Info.plist */ = {isa = PBXFileReference; lastKnownFileType = text.plist.xml; path = "California_BetaTests-Info.plist"; sourceTree = "<group>"; };
		8CAD4747192BE54F00F7CBC2 /* en */ = {isa = PBXFileReference; lastKnownFileType = text.plist.strings; name = en; path = en.lproj/InfoPlist.strings; sourceTree = "<group>"; };
		8CAD4749192BE54F00F7CBC2 /* California_BetaTests.m */ = {isa = PBXFileReference; lastKnownFileType = sourcecode.c.objc; path = California_BetaTests.m; sourceTree = "<group>"; };
/* End PBXFileReference section */

/* Begin PBXFrameworksBuildPhase section */
		8CAD4718192BE54F00F7CBC2 /* Frameworks */ = {
			isa = PBXFrameworksBuildPhase;
			buildActionMask = 2147483647;
			files = (
				8CAD4721192BE54F00F7CBC2 /* CoreGraphics.framework in Frameworks */,
				8CAD4723192BE54F00F7CBC2 /* UIKit.framework in Frameworks */,
				8CAD471F192BE54F00F7CBC2 /* Foundation.framework in Frameworks */,
			);
			runOnlyForDeploymentPostprocessing = 0;
		};
		8CAD4739192BE54F00F7CBC2 /* Frameworks */ = {
			isa = PBXFrameworksBuildPhase;
			buildActionMask = 2147483647;
			files = (
				8CAD473E192BE54F00F7CBC2 /* XCTest.framework in Frameworks */,
				8CAD4740192BE54F00F7CBC2 /* UIKit.framework in Frameworks */,
				8CAD473F192BE54F00F7CBC2 /* Foundation.framework in Frameworks */,
			);
			runOnlyForDeploymentPostprocessing = 0;
		};
/* End PBXFrameworksBuildPhase section */

/* Begin PBXGroup section */
		8CAD4712192BE54E00F7CBC2 = {
			isa = PBXGroup;
			children = (
				8CAD4724192BE54F00F7CBC2 /* California_Beta */,
				8CAD4743192BE54F00F7CBC2 /* California_BetaTests */,
				8CAD471D192BE54F00F7CBC2 /* Frameworks */,
				8CAD471C192BE54F00F7CBC2 /* Products */,
			);
			sourceTree = "<group>";
		};
		8CAD471C192BE54F00F7CBC2 /* Products */ = {
			isa = PBXGroup;
			children = (
				8CAD471B192BE54F00F7CBC2 /* California_Beta.app */,
				8CAD473C192BE54F00F7CBC2 /* California_BetaTests.xctest */,
			);
			name = Products;
			sourceTree = "<group>";
		};
		8CAD471D192BE54F00F7CBC2 /* Frameworks */ = {
			isa = PBXGroup;
			children = (
				8CAD471E192BE54F00F7CBC2 /* Foundation.framework */,
				8CAD4720192BE54F00F7CBC2 /* CoreGraphics.framework */,
				8CAD4722192BE54F00F7CBC2 /* UIKit.framework */,
				8CAD473D192BE54F00F7CBC2 /* XCTest.framework */,
			);
			name = Frameworks;
			sourceTree = "<group>";
		};
		8CAD4724192BE54F00F7CBC2 /* California_Beta */ = {
			isa = PBXGroup;
			children = (
				8CAD472D192BE54F00F7CBC2 /* AppDelegate.h */,
				8CAD472E192BE54F00F7CBC2 /* AppDelegate.m */,
				8CAD4730192BE54F00F7CBC2 /* Main.storyboard */,
				8CAD4733192BE54F00F7CBC2 /* ViewController.h */,
				8CAD4734192BE54F00F7CBC2 /* ViewController.m */,
				8CAD4736192BE54F00F7CBC2 /* Images.xcassets */,
				8CAD4725192BE54F00F7CBC2 /* Supporting Files */,
			);
			path = California_Beta;
			sourceTree = "<group>";
		};
		8CAD4725192BE54F00F7CBC2 /* Supporting Files */ = {
			isa = PBXGroup;
			children = (
				8CAD4726192BE54F00F7CBC2 /* California_Beta-Info.plist */,
				8CAD4727192BE54F00F7CBC2 /* InfoPlist.strings */,
				8CAD472A192BE54F00F7CBC2 /* main.m */,
				8CAD472C192BE54F00F7CBC2 /* California_Beta-Prefix.pch */,
			);
			name = "Supporting Files";
			sourceTree = "<group>";
		};
		8CAD4743192BE54F00F7CBC2 /* California_BetaTests */ = {
			isa = PBXGroup;
			children = (
				8CAD4749192BE54F00F7CBC2 /* California_BetaTests.m */,
				8CAD4744192BE54F00F7CBC2 /* Supporting Files */,
			);
			path = California_BetaTests;
			sourceTree = "<group>";
		};
		8CAD4744192BE54F00F7CBC2 /* Supporting Files */ = {
			isa = PBXGroup;
			children = (
				8CAD4745192BE54F00F7CBC2 /* California_BetaTests-Info.plist */,
				8CAD4746192BE54F00F7CBC2 /* InfoPlist.strings */,
			);
			name = "Supporting Files";
			sourceTree = "<group>";
		};
/* End PBXGroup section */

/* Begin PBXNativeTarget section */
		8CAD471A192BE54F00F7CBC2 /* California_Beta */ = {
			isa = PBXNativeTarget;
			buildConfigurationList = 8CAD474D192BE54F00F7CBC2 /* Build configuration list for PBXNativeTarget "California_Beta" */;
			buildPhases = (
				8CAD4717192BE54F00F7CBC2 /* Sources */,
				8CAD4718192BE54F00F7CBC2 /* Frameworks */,
				8CAD4719192BE54F00F7CBC2 /* Resources */,
			);
			buildRules = (
			);
			dependencies = (
			);
			name = California_Beta;
			productName = California_Beta;
			productReference = 8CAD471B192BE54F00F7CBC2 /* California_Beta.app */;
			productType = "com.apple.product-type.application";
		};
		8CAD473B192BE54F00F7CBC2 /* California_BetaTests */ = {
			isa = PBXNativeTarget;
			buildConfigurationList = 8CAD4750192BE54F00F7CBC2 /* Build configuration list for PBXNativeTarget "California_BetaTests" */;
			buildPhases = (
				8CAD4738192BE54F00F7CBC2 /* Sources */,
				8CAD4739192BE54F00F7CBC2 /* Frameworks */,
				8CAD473A192BE54F00F7CBC2 /* Resources */,
			);
			buildRules = (
			);
			dependencies = (
				8CAD4742192BE54F00F7CBC2 /* PBXTargetDependency */,
			);
			name = California_BetaTests;
			productName = California_BetaTests;
			productReference = 8CAD473C192BE54F00F7CBC2 /* California_BetaTests.xctest */;
			productType = "com.apple.product-type.bundle.unit-test";
		};
/* End PBXNativeTarget section */

/* Begin PBXProject section */
		8CAD4713192BE54E00F7CBC2 /* Project object */ = {
			isa = PBXProject;
			attributes = {
				LastUpgradeCheck = 0510;
				ORGANIZATIONNAME = "Márcio Luiz Magrini";
				TargetAttributes = {
					8CAD473B192BE54F00F7CBC2 = {
						TestTargetID = 8CAD471A192BE54F00F7CBC2;
					};
				};
			};
			buildConfigurationList = 8CAD4716192BE54E00F7CBC2 /* Build configuration list for PBXProject "California_Beta" */;
			compatibilityVersion = "Xcode 3.2";
			developmentRegion = English;
			hasScannedForEncodings = 0;
			knownRegions = (
				en,
				Base,
			);
			mainGroup = 8CAD4712192BE54E00F7CBC2;
			productRefGroup = 8CAD471C192BE54F00F7CBC2 /* Products */;
			projectDirPath = "";
			projectRoot = "";
			targets = (
				8CAD471A192BE54F00F7CBC2 /* California_Beta */,
				8CAD473B192BE54F00F7CBC2 /* California_BetaTests */,
			);
		};
/* End PBXProject section */

/* Begin PBXResourcesBuildPhase section */
		8CAD4719192BE54F00F7CBC2 /* Resources */ = {
			isa = PBXResourcesBuildPhase;
			buildActionMask = 2147483647;
			files = (
				8CAD4737192BE54F00F7CBC2 /* Images.xcassets in Resources */,
				8CAD4729192BE54F00F7CBC2 /* InfoPlist.strings in Resources */,
				8CAD4732192BE54F00F7CBC2 /* Main.storyboard in Resources */,
			);
			runOnlyForDeploymentPostprocessing = 0;
		};
		8CAD473A192BE54F00F7CBC2 /* Resources */ = {
			isa = PBXResourcesBuildPhase;
			buildActionMask = 2147483647;
			files = (
				8CAD4748192BE54F00F7CBC2 /* InfoPlist.strings in Resources */,
			);
			runOnlyForDeploymentPostprocessing = 0;
		};
/* End PBXResourcesBuildPhase section */

/* Begin PBXSourcesBuildPhase section */
		8CAD4717192BE54F00F7CBC2 /* Sources */ = {
			isa = PBXSourcesBuildPhase;
			buildActionMask = 2147483647;
			files = (
				8CAD4735192BE54F00F7CBC2 /* ViewController.m in Sources */,
				8CAD472F192BE54F00F7CBC2 /* AppDelegate.m in Sources */,
				8CAD472B192BE54F00F7CBC2 /* main.m in Sources */,
			);
			runOnlyForDeploymentPostprocessing = 0;
		};
		8CAD4738192BE54F00F7CBC2 /* Sources */ = {
			isa = PBXSourcesBuildPhase;
			buildActionMask = 2147483647;
			files = (
				8CAD474A192BE54F00F7CBC2 /* California_BetaTests.m in Sources */,
			);
			runOnlyForDeploymentPostprocessing = 0;
		};
/* End PBXSourcesBuildPhase section */

/* Begin PBXTargetDependency section */
		8CAD4742192BE54F00F7CBC2 /* PBXTargetDependency */ = {
			isa = PBXTargetDependency;
			target = 8CAD471A192BE54F00F7CBC2 /* California_Beta */;
			targetProxy = 8CAD4741192BE54F00F7CBC2 /* PBXContainerItemProxy */;
		};
/* End PBXTargetDependency section */

/* Begin PBXVariantGroup section */
		8CAD4727192BE54F00F7CBC2 /* InfoPlist.strings */ = {
			isa = PBXVariantGroup;
			children = (
				8CAD4728192BE54F00F7CBC2 /* en */,
			);
			name = InfoPlist.strings;
			sourceTree = "<group>";
		};
		8CAD4730192BE54F00F7CBC2 /* Main.storyboard */ = {
			isa = PBXVariantGroup;
			children = (
				8CAD4731192BE54F00F7CBC2 /* Base */,
			);
			name = Main.storyboard;
			sourceTree = "<group>";
		};
		8CAD4746192BE54F00F7CBC2 /* InfoPlist.strings */ = {
			isa = PBXVariantGroup;
			children = (
				8CAD4747192BE54F00F7CBC2 /* en */,
			);
			name = InfoPlist.strings;
			sourceTree = "<group>";
		};
/* End PBXVariantGroup section */

/* Begin XCBuildConfiguration section */
		8CAD474B192BE54F00F7CBC2 /* Debug */ = {
			isa = XCBuildConfiguration;
			buildSettings = {
				ALWAYS_SEARCH_USER_PATHS = NO;
				CLANG_CXX_LANGUAGE_STANDARD = "gnu++0x";
				CLANG_CXX_LIBRARY = "libc++";
				CLANG_ENABLE_MODULES = YES;
				CLANG_ENABLE_OBJC_ARC = YES;
				CLANG_WARN_BOOL_CONVERSION = YES;
				CLANG_WARN_CONSTANT_CONVERSION = YES;
				CLANG_WARN_DIRECT_OBJC_ISA_USAGE = YES_ERROR;
				CLANG_WARN_EMPTY_BODY = YES;
				CLANG_WARN_ENUM_CONVERSION = YES;
				CLANG_WARN_INT_CONVERSION = YES;
				CLANG_WARN_OBJC_ROOT_CLASS = YES_ERROR;
				CLANG_WARN__DUPLICATE_METHOD_MATCH = YES;
				"CODE_SIGN_IDENTITY[sdk=iphoneos*]" = "iPhone Developer";
				COPY_PHASE_STRIP = NO;
				GCC_C_LANGUAGE_STANDARD = gnu99;
				GCC_DYNAMIC_NO_PIC = NO;
				GCC_OPTIMIZATION_LEVEL = 0;
				GCC_PREPROCESSOR_DEFINITIONS = (
					"DEBUG=1",
					"$(inherited)",
				);
				GCC_SYMBOLS_PRIVATE_EXTERN = NO;
				GCC_WARN_64_TO_32_BIT_CONVERSION = YES;
				GCC_WARN_ABOUT_RETURN_TYPE = YES_ERROR;
				GCC_WARN_UNDECLARED_SELECTOR = YES;
				GCC_WARN_UNINITIALIZED_AUTOS = YES_AGGRESSIVE;
				GCC_WARN_UNUSED_FUNCTION = YES;
				GCC_WARN_UNUSED_VARIABLE = YES;
				IPHONEOS_DEPLOYMENT_TARGET = 7.1;
				ONLY_ACTIVE_ARCH = YES;
				SDKROOT = iphoneos;
				TARGETED_DEVICE_FAMILY = 2;
			};
			name = Debug;
		};
		8CAD474C192BE54F00F7CBC2 /* Release */ = {
			isa = XCBuildConfiguration;
			buildSettings = {
				ALWAYS_SEARCH_USER_PATHS = NO;
				CLANG_CXX_LANGUAGE_STANDARD = "gnu++0x";
				CLANG_CXX_LIBRARY = "libc++";
				CLANG_ENABLE_MODULES = YES;
				CLANG_ENABLE_OBJC_ARC = YES;
				CLANG_WARN_BOOL_CONVERSION = YES;
				CLANG_WARN_CONSTANT_CONVERSION = YES;
				CLANG_WARN_DIRECT_OBJC_ISA_USAGE = YES_ERROR;
				CLANG_WARN_EMPTY_BODY = YES;
				CLANG_WARN_ENUM_CONVERSION = YES;
				CLANG_WARN_INT_CONVERSION = YES;
				CLANG_WARN_OBJC_ROOT_CLASS = YES_ERROR;
				CLANG_WARN__DUPLICATE_METHOD_MATCH = YES;
				"CODE_SIGN_IDENTITY[sdk=iphoneos*]" = "iPhone Developer";
				COPY_PHASE_STRIP = YES;
				ENABLE_NS_ASSERTIONS = NO;
				GCC_C_LANGUAGE_STANDARD = gnu99;
				GCC_WARN_64_TO_32_BIT_CONVERSION = YES;
				GCC_WARN_ABOUT_RETURN_TYPE = YES_ERROR;
				GCC_WARN_UNDECLARED_SELECTOR = YES;
				GCC_WARN_UNINITIALIZED_AUTOS = YES_AGGRESSIVE;
				GCC_WARN_UNUSED_FUNCTION = YES;
				GCC_WARN_UNUSED_VARIABLE = YES;
				IPHONEOS_DEPLOYMENT_TARGET = 7.1;
				SDKROOT = iphoneos;
				TARGETED_DEVICE_FAMILY = 2;
				VALIDATE_PRODUCT = YES;
			};
			name = Release;
		};
		8CAD474E192BE54F00F7CBC2 /* Debug */ = {
			isa = XCBuildConfiguration;
			buildSettings = {
				ASSETCATALOG_COMPILER_APPICON_NAME = AppIcon;
				ASSETCATALOG_COMPILER_LAUNCHIMAGE_NAME = LaunchImage;
				GCC_PRECOMPILE_PREFIX_HEADER = YES;
				GCC_PREFIX_HEADER = "California_Beta/California_Beta-Prefix.pch";
				INFOPLIST_FILE = "California_Beta/California_Beta-Info.plist";
				IPHONEOS_DEPLOYMENT_TARGET = 7.0;
				PRODUCT_NAME = "$(TARGET_NAME)";
				TARGETED_DEVICE_FAMILY = 2;
				WRAPPER_EXTENSION = app;
			};
			name = Debug;
		};
		8CAD474F192BE54F00F7CBC2 /* Release */ = {
			isa = XCBuildConfiguration;
			buildSettings = {
				ASSETCATALOG_COMPILER_APPICON_NAME = AppIcon;
				ASSETCATALOG_COMPILER_LAUNCHIMAGE_NAME = LaunchImage;
				GCC_PRECOMPILE_PREFIX_HEADER = YES;
				GCC_PREFIX_HEADER = "California_Beta/California_Beta-Prefix.pch";
				INFOPLIST_FILE = "California_Beta/California_Beta-Info.plist";
				IPHONEOS_DEPLOYMENT_TARGET = 7.0;
				PRODUCT_NAME = "$(TARGET_NAME)";
				TARGETED_DEVICE_FAMILY = 2;
				WRAPPER_EXTENSION = app;
			};
			name = Release;
		};
		8CAD4751192BE54F00F7CBC2 /* Debug */ = {
			isa = XCBuildConfiguration;
			buildSettings = {
				BUNDLE_LOADER = "$(BUILT_PRODUCTS_DIR)/California_Beta.app/California_Beta";
				FRAMEWORK_SEARCH_PATHS = (
					"$(SDKROOT)/Developer/Library/Frameworks",
					"$(inherited)",
					"$(DEVELOPER_FRAMEWORKS_DIR)",
				);
				GCC_PRECOMPILE_PREFIX_HEADER = YES;
				GCC_PREFIX_HEADER = "California_Beta/California_Beta-Prefix.pch";
				GCC_PREPROCESSOR_DEFINITIONS = (
					"DEBUG=1",
					"$(inherited)",
				);
				INFOPLIST_FILE = "California_BetaTests/California_BetaTests-Info.plist";
				IPHONEOS_DEPLOYMENT_TARGET = 7.0;
				PRODUCT_NAME = "$(TARGET_NAME)";
				TEST_HOST = "$(BUNDLE_LOADER)";
				WRAPPER_EXTENSION = xctest;
			};
			name = Debug;
		};
		8CAD4752192BE54F00F7CBC2 /* Release */ = {
			isa = XCBuildConfiguration;
			buildSettings = {
				BUNDLE_LOADER = "$(BUILT_PRODUCTS_DIR)/California_Beta.app/California_Beta";
				FRAMEWORK_SEARCH_PATHS = (
					"$(SDKROOT)/Developer/Library/Frameworks",
					"$(inherited)",
					"$(DEVELOPER_FRAMEWORKS_DIR)",
				);
				GCC_PRECOMPILE_PREFIX_HEADER = YES;
				GCC_PREFIX_HEADER = "California_Beta/California_Beta-Prefix.pch";
				INFOPLIST_FILE = "California_BetaTests/California_BetaTests-Info.plist";
				IPHONEOS_DEPLOYMENT_TARGET = 7.0;
				PRODUCT_NAME = "$(TARGET_NAME)";
				TEST_HOST = "$(BUNDLE_LOADER)";
				WRAPPER_EXTENSION = xctest;
			};
			name = Release;
		};
/* End XCBuildConfiguration section */

/* Begin XCConfigurationList section */
		8CAD4716192BE54E00F7CBC2 /* Build configuration list for PBXProject "California_Beta" */ = {
			isa = XCConfigurationList;
			buildConfigurations = (
				8CAD474B192BE54F00F7CBC2 /* Debug */,
				8CAD474C192BE54F00F7CBC2 /* Release */,
			);
			defaultConfigurationIsVisible = 0;
			defaultConfigurationName = Release;
		};
		8CAD474D192BE54F00F7CBC2 /* Build configuration list for PBXNativeTarget "California_Beta" */ = {
			isa = XCConfigurationList;
			buildConfigurations = (
				8CAD474E192BE54F00F7CBC2 /* Debug */,
				8CAD474F192BE54F00F7CBC2 /* Release */,
			);
			defaultConfigurationIsVisible = 0;
			defaultConfigurationName = Release;
		};
		8CAD4750192BE54F00F7CBC2 /* Build configuration list for PBXNativeTarget "California_BetaTests" */ = {
			isa = XCConfigurationList;
			buildConfigurations = (
				8CAD4751192BE54F00F7CBC2 /* Debug */,
				8CAD4752192BE54F00F7CBC2 /* Release */,
			);
			defaultConfigurationIsVisible = 0;
			defaultConfigurationName = Release;
		};
/* End XCConfigurationList section */
	};
	rootObject = 8CAD4713192BE54E00F7CBC2 /* Project object */;
}
